// !$*UTF8*$!
{
	archiveVersion = 1;
	classes = {
	};
	objectVersion = 50;
	objects = {

/* Begin PBXBuildFile section */
		4FECC1A72118436F00F32927 /* AppDelegate.m in Sources */ = {isa = PBXBuildFile; fileRef = 4FECC1A62118436F00F32927 /* AppDelegate.m */; };
		4FECC1AF2118437000F32927 /* Assets.xcassets in Resources */ = {isa = PBXBuildFile; fileRef = 4FECC1AE2118437000F32927 /* Assets.xcassets */; };
		4FECC1B22118437000F32927 /* LaunchScreen.storyboard in Resources */ = {isa = PBXBuildFile; fileRef = 4FECC1B02118437000F32927 /* LaunchScreen.storyboard */; };
		4FECC1B52118437000F32927 /* main.m in Sources */ = {isa = PBXBuildFile; fileRef = 4FECC1B42118437000F32927 /* main.m */; };
		4FECC1BF2118437000F32927 /* TTTests.m in Sources */ = {isa = PBXBuildFile; fileRef = 4FECC1BE2118437000F32927 /* TTTests.m */; };
		4FECC1CA2118437000F32927 /* TTUITests.m in Sources */ = {isa = PBXBuildFile; fileRef = 4FECC1C92118437000F32927 /* TTUITests.m */; };
		4FECC1E32118488B00F32927 /* TTTabBarController.m in Sources */ = {isa = PBXBuildFile; fileRef = 4FECC1E22118488B00F32927 /* TTTabBarController.m */; };
		4FECC1E6211848ED00F32927 /* TTNavigationController.m in Sources */ = {isa = PBXBuildFile; fileRef = 4FECC1E5211848ED00F32927 /* TTNavigationController.m */; };
		4FECC1E9211850A300F32927 /* TTTabBar.m in Sources */ = {isa = PBXBuildFile; fileRef = 4FECC1E8211850A300F32927 /* TTTabBar.m */; };
		4FECC1EE21185BF900F32927 /* TTBaseViewController.m in Sources */ = {isa = PBXBuildFile; fileRef = 4FECC1ED21185BF900F32927 /* TTBaseViewController.m */; };
		4FECC1F1211867C100F32927 /* TTNavigationBar.m in Sources */ = {isa = PBXBuildFile; fileRef = 4FECC1F0211867C100F32927 /* TTNavigationBar.m */; };
		B304E33CAE94C8CE13F3963F /* libPods-TTTests.a in Frameworks */ = {isa = PBXBuildFile; fileRef = E1EFBD0490A2142A903A9780 /* libPods-TTTests.a */; };
		CC05EFACEDE6AD290B7943B4 /* libPods-TT.a in Frameworks */ = {isa = PBXBuildFile; fileRef = 8F43B436BE4DCE9077229808 /* libPods-TT.a */; };
		E7508548BBABC9795035BE63 /* libPods-TTUITests.a in Frameworks */ = {isa = PBXBuildFile; fileRef = 3A0F865690CC8B3DCA2DDB86 /* libPods-TTUITests.a */; };
/* End PBXBuildFile section */

/* Begin PBXContainerItemProxy section */
		4FECC1BB2118437000F32927 /* PBXContainerItemProxy */ = {
			isa = PBXContainerItemProxy;
			containerPortal = 4FECC19A2118436F00F32927 /* Project object */;
			proxyType = 1;
			remoteGlobalIDString = 4FECC1A12118436F00F32927;
			remoteInfo = TT;
		};
		4FECC1C62118437000F32927 /* PBXContainerItemProxy */ = {
			isa = PBXContainerItemProxy;
			containerPortal = 4FECC19A2118436F00F32927 /* Project object */;
			proxyType = 1;
			remoteGlobalIDString = 4FECC1A12118436F00F32927;
			remoteInfo = TT;
		};
/* End PBXContainerItemProxy section */

/* Begin PBXFileReference section */
		3A0F865690CC8B3DCA2DDB86 /* libPods-TTUITests.a */ = {isa = PBXFileReference; explicitFileType = archive.ar; includeInIndex = 0; path = "libPods-TTUITests.a"; sourceTree = BUILT_PRODUCTS_DIR; };
		43484790C225D426D60F6438 /* Pods-TT.debug.xcconfig */ = {isa = PBXFileReference; includeInIndex = 1; lastKnownFileType = text.xcconfig; name = "Pods-TT.debug.xcconfig"; path = "Pods/Target Support Files/Pods-TT/Pods-TT.debug.xcconfig"; sourceTree = "<group>"; };
		4FECC1A22118436F00F32927 /* TT.app */ = {isa = PBXFileReference; explicitFileType = wrapper.application; includeInIndex = 0; path = TT.app; sourceTree = BUILT_PRODUCTS_DIR; };
		4FECC1A52118436F00F32927 /* AppDelegate.h */ = {isa = PBXFileReference; lastKnownFileType = sourcecode.c.h; path = AppDelegate.h; sourceTree = "<group>"; };
		4FECC1A62118436F00F32927 /* AppDelegate.m */ = {isa = PBXFileReference; lastKnownFileType = sourcecode.c.objc; path = AppDelegate.m; sourceTree = "<group>"; };
		4FECC1AE2118437000F32927 /* Assets.xcassets */ = {isa = PBXFileReference; lastKnownFileType = folder.assetcatalog; path = Assets.xcassets; sourceTree = "<group>"; };
		4FECC1B12118437000F32927 /* Base */ = {isa = PBXFileReference; lastKnownFileType = file.storyboard; name = Base; path = Base.lproj/LaunchScreen.storyboard; sourceTree = "<group>"; };
		4FECC1B32118437000F32927 /* Info.plist */ = {isa = PBXFileReference; lastKnownFileType = text.plist.xml; path = Info.plist; sourceTree = "<group>"; };
		4FECC1B42118437000F32927 /* main.m */ = {isa = PBXFileReference; lastKnownFileType = sourcecode.c.objc; path = main.m; sourceTree = "<group>"; };
		4FECC1BA2118437000F32927 /* TTTests.xctest */ = {isa = PBXFileReference; explicitFileType = wrapper.cfbundle; includeInIndex = 0; path = TTTests.xctest; sourceTree = BUILT_PRODUCTS_DIR; };
		4FECC1BE2118437000F32927 /* TTTests.m */ = {isa = PBXFileReference; lastKnownFileType = sourcecode.c.objc; path = TTTests.m; sourceTree = "<group>"; };
		4FECC1C02118437000F32927 /* Info.plist */ = {isa = PBXFileReference; lastKnownFileType = text.plist.xml; path = Info.plist; sourceTree = "<group>"; };
		4FECC1C52118437000F32927 /* TTUITests.xctest */ = {isa = PBXFileReference; explicitFileType = wrapper.cfbundle; includeInIndex = 0; path = TTUITests.xctest; sourceTree = BUILT_PRODUCTS_DIR; };
		4FECC1C92118437000F32927 /* TTUITests.m */ = {isa = PBXFileReference; lastKnownFileType = sourcecode.c.objc; path = TTUITests.m; sourceTree = "<group>"; };
		4FECC1CB2118437000F32927 /* Info.plist */ = {isa = PBXFileReference; lastKnownFileType = text.plist.xml; path = Info.plist; sourceTree = "<group>"; };
		4FECC1E12118488B00F32927 /* TTTabBarController.h */ = {isa = PBXFileReference; lastKnownFileType = sourcecode.c.h; path = TTTabBarController.h; sourceTree = "<group>"; };
		4FECC1E22118488B00F32927 /* TTTabBarController.m */ = {isa = PBXFileReference; lastKnownFileType = sourcecode.c.objc; path = TTTabBarController.m; sourceTree = "<group>"; };
		4FECC1E4211848ED00F32927 /* TTNavigationController.h */ = {isa = PBXFileReference; lastKnownFileType = sourcecode.c.h; path = TTNavigationController.h; sourceTree = "<group>"; };
		4FECC1E5211848ED00F32927 /* TTNavigationController.m */ = {isa = PBXFileReference; lastKnownFileType = sourcecode.c.objc; path = TTNavigationController.m; sourceTree = "<group>"; };
		4FECC1E7211850A300F32927 /* TTTabBar.h */ = {isa = PBXFileReference; lastKnownFileType = sourcecode.c.h; path = TTTabBar.h; sourceTree = "<group>"; };
		4FECC1E8211850A300F32927 /* TTTabBar.m */ = {isa = PBXFileReference; lastKnownFileType = sourcecode.c.objc; path = TTTabBar.m; sourceTree = "<group>"; };
		4FECC1EC21185BF900F32927 /* TTBaseViewController.h */ = {isa = PBXFileReference; lastKnownFileType = sourcecode.c.h; path = TTBaseViewController.h; sourceTree = "<group>"; };
		4FECC1ED21185BF900F32927 /* TTBaseViewController.m */ = {isa = PBXFileReference; lastKnownFileType = sourcecode.c.objc; path = TTBaseViewController.m; sourceTree = "<group>"; };
		4FECC1EF211867C100F32927 /* TTNavigationBar.h */ = {isa = PBXFileReference; lastKnownFileType = sourcecode.c.h; path = TTNavigationBar.h; sourceTree = "<group>"; };
		4FECC1F0211867C100F32927 /* TTNavigationBar.m */ = {isa = PBXFileReference; lastKnownFileType = sourcecode.c.objc; path = TTNavigationBar.m; sourceTree = "<group>"; };
		585856FDB797CE342747D2C9 /* Pods-TTTests.release.xcconfig */ = {isa = PBXFileReference; includeInIndex = 1; lastKnownFileType = text.xcconfig; name = "Pods-TTTests.release.xcconfig"; path = "Pods/Target Support Files/Pods-TTTests/Pods-TTTests.release.xcconfig"; sourceTree = "<group>"; };
		6719815277EF814CDB1FDE52 /* Pods-TTTests.debug.xcconfig */ = {isa = PBXFileReference; includeInIndex = 1; lastKnownFileType = text.xcconfig; name = "Pods-TTTests.debug.xcconfig"; path = "Pods/Target Support Files/Pods-TTTests/Pods-TTTests.debug.xcconfig"; sourceTree = "<group>"; };
		7AF6234D8D3F7047B99DDA27 /* Pods-TT.release.xcconfig */ = {isa = PBXFileReference; includeInIndex = 1; lastKnownFileType = text.xcconfig; name = "Pods-TT.release.xcconfig"; path = "Pods/Target Support Files/Pods-TT/Pods-TT.release.xcconfig"; sourceTree = "<group>"; };
		8F43B436BE4DCE9077229808 /* libPods-TT.a */ = {isa = PBXFileReference; explicitFileType = archive.ar; includeInIndex = 0; path = "libPods-TT.a"; sourceTree = BUILT_PRODUCTS_DIR; };
		953E42BB8B2D033269F753D2 /* Pods-TTUITests.release.xcconfig */ = {isa = PBXFileReference; includeInIndex = 1; lastKnownFileType = text.xcconfig; name = "Pods-TTUITests.release.xcconfig"; path = "Pods/Target Support Files/Pods-TTUITests/Pods-TTUITests.release.xcconfig"; sourceTree = "<group>"; };
		A9A3C84BA09C473D0F2B80B1 /* Pods-TTUITests.debug.xcconfig */ = {isa = PBXFileReference; includeInIndex = 1; lastKnownFileType = text.xcconfig; name = "Pods-TTUITests.debug.xcconfig"; path = "Pods/Target Support Files/Pods-TTUITests/Pods-TTUITests.debug.xcconfig"; sourceTree = "<group>"; };
		E1EFBD0490A2142A903A9780 /* libPods-TTTests.a */ = {isa = PBXFileReference; explicitFileType = archive.ar; includeInIndex = 0; path = "libPods-TTTests.a"; sourceTree = BUILT_PRODUCTS_DIR; };
/* End PBXFileReference section */

/* Begin PBXFrameworksBuildPhase section */
		4FECC19F2118436F00F32927 /* Frameworks */ = {
			isa = PBXFrameworksBuildPhase;
			buildActionMask = 2147483647;
			files = (
				CC05EFACEDE6AD290B7943B4 /* libPods-TT.a in Frameworks */,
			);
			runOnlyForDeploymentPostprocessing = 0;
		};
		4FECC1B72118437000F32927 /* Frameworks */ = {
			isa = PBXFrameworksBuildPhase;
			buildActionMask = 2147483647;
			files = (
				B304E33CAE94C8CE13F3963F /* libPods-TTTests.a in Frameworks */,
			);
			runOnlyForDeploymentPostprocessing = 0;
		};
		4FECC1C22118437000F32927 /* Frameworks */ = {
			isa = PBXFrameworksBuildPhase;
			buildActionMask = 2147483647;
			files = (
				E7508548BBABC9795035BE63 /* libPods-TTUITests.a in Frameworks */,
			);
			runOnlyForDeploymentPostprocessing = 0;
		};
/* End PBXFrameworksBuildPhase section */

/* Begin PBXGroup section */
		391A38ABB8528C15A3F01463 /* Frameworks */ = {
			isa = PBXGroup;
			children = (
				8F43B436BE4DCE9077229808 /* libPods-TT.a */,
				E1EFBD0490A2142A903A9780 /* libPods-TTTests.a */,
				3A0F865690CC8B3DCA2DDB86 /* libPods-TTUITests.a */,
			);
			name = Frameworks;
			sourceTree = "<group>";
		};
		4FECC1992118436F00F32927 = {
			isa = PBXGroup;
			children = (
				4FECC1A42118436F00F32927 /* TT */,
				4FECC1BD2118437000F32927 /* TTTests */,
				4FECC1C82118437000F32927 /* TTUITests */,
				4FECC1A32118436F00F32927 /* Products */,
				50C8176F48FEC2478027D39F /* Pods */,
				391A38ABB8528C15A3F01463 /* Frameworks */,
			);
			sourceTree = "<group>";
		};
		4FECC1A32118436F00F32927 /* Products */ = {
			isa = PBXGroup;
			children = (
				4FECC1A22118436F00F32927 /* TT.app */,
				4FECC1BA2118437000F32927 /* TTTests.xctest */,
				4FECC1C52118437000F32927 /* TTUITests.xctest */,
			);
			name = Products;
			sourceTree = "<group>";
		};
		4FECC1A42118436F00F32927 /* TT */ = {
			isa = PBXGroup;
			children = (
				4FECC1DF2118478A00F32927 /* BaseClass */,
				4FECC1DE2118471F00F32927 /* GlobalUnique */,
				4FECC1DB2118463E00F32927 /* Tools */,
				4FECC1DA2118460F00F32927 /* NetWork */,
				4FECC1D9211845F000F32927 /* ThirdParty */,
				4FECC1D72118455500F32927 /* Utilities */,
				4FECC1D82118456D00F32927 /* Section */,
				4FECC1A52118436F00F32927 /* AppDelegate.h */,
				4FECC1A62118436F00F32927 /* AppDelegate.m */,
				4FECC1AE2118437000F32927 /* Assets.xcassets */,
				4FECC1B02118437000F32927 /* LaunchScreen.storyboard */,
				4FECC1B32118437000F32927 /* Info.plist */,
				4FECC1B42118437000F32927 /* main.m */,
			);
			path = TT;
			sourceTree = "<group>";
		};
		4FECC1BD2118437000F32927 /* TTTests */ = {
			isa = PBXGroup;
			children = (
				4FECC1BE2118437000F32927 /* TTTests.m */,
				4FECC1C02118437000F32927 /* Info.plist */,
			);
			path = TTTests;
			sourceTree = "<group>";
		};
		4FECC1C82118437000F32927 /* TTUITests */ = {
			isa = PBXGroup;
			children = (
				4FECC1C92118437000F32927 /* TTUITests.m */,
				4FECC1CB2118437000F32927 /* Info.plist */,
			);
			path = TTUITests;
			sourceTree = "<group>";
		};
		4FECC1D72118455500F32927 /* Utilities */ = {
			isa = PBXGroup;
			children = (
			);
			path = Utilities;
			sourceTree = "<group>";
		};
		4FECC1D82118456D00F32927 /* Section */ = {
			isa = PBXGroup;
			children = (
				4FECC1EA21185BCB00F32927 /* HomePage */,
			);
			path = Section;
			sourceTree = "<group>";
		};
		4FECC1D9211845F000F32927 /* ThirdParty */ = {
			isa = PBXGroup;
			children = (
			);
			path = ThirdParty;
			sourceTree = "<group>";
		};
		4FECC1DA2118460F00F32927 /* NetWork */ = {
			isa = PBXGroup;
			children = (
				4FECC1DC2118465600F32927 /* NetWork */,
				4FECC1DD2118466300F32927 /* DataSource */,
			);
			path = NetWork;
			sourceTree = "<group>";
		};
		4FECC1DB2118463E00F32927 /* Tools */ = {
			isa = PBXGroup;
			children = (
			);
			path = Tools;
			sourceTree = "<group>";
		};
		4FECC1DC2118465600F32927 /* NetWork */ = {
			isa = PBXGroup;
			children = (
			);
			path = NetWork;
			sourceTree = "<group>";
		};
		4FECC1DD2118466300F32927 /* DataSource */ = {
			isa = PBXGroup;
			children = (
			);
			path = DataSource;
			sourceTree = "<group>";
		};
		4FECC1DE2118471F00F32927 /* GlobalUnique */ = {
			isa = PBXGroup;
			children = (
			);
			path = GlobalUnique;
			sourceTree = "<group>";
		};
		4FECC1DF2118478A00F32927 /* BaseClass */ = {
			isa = PBXGroup;
			children = (
				4FECC1EB21185BE200F32927 /* Controller */,
				4FECC1E02118483000F32927 /* RootClass */,
			);
			path = BaseClass;
			sourceTree = "<group>";
		};
		4FECC1E02118483000F32927 /* RootClass */ = {
			isa = PBXGroup;
			children = (
				4FECC1E12118488B00F32927 /* TTTabBarController.h */,
				4FECC1E22118488B00F32927 /* TTTabBarController.m */,
				4FECC1E7211850A300F32927 /* TTTabBar.h */,
				4FECC1E8211850A300F32927 /* TTTabBar.m */,
				4FECC1E4211848ED00F32927 /* TTNavigationController.h */,
				4FECC1E5211848ED00F32927 /* TTNavigationController.m */,
				4FECC1EF211867C100F32927 /* TTNavigationBar.h */,
				4FECC1F0211867C100F32927 /* TTNavigationBar.m */,
			);
			path = RootClass;
			sourceTree = "<group>";
		};
		4FECC1EA21185BCB00F32927 /* HomePage */ = {
			isa = PBXGroup;
			children = (
			);
			path = HomePage;
			sourceTree = "<group>";
		};
		4FECC1EB21185BE200F32927 /* Controller */ = {
			isa = PBXGroup;
			children = (
				4FECC1EC21185BF900F32927 /* TTBaseViewController.h */,
				4FECC1ED21185BF900F32927 /* TTBaseViewController.m */,
			);
			path = Controller;
			sourceTree = "<group>";
		};
		50C8176F48FEC2478027D39F /* Pods */ = {
			isa = PBXGroup;
			children = (
				43484790C225D426D60F6438 /* Pods-TT.debug.xcconfig */,
				7AF6234D8D3F7047B99DDA27 /* Pods-TT.release.xcconfig */,
				6719815277EF814CDB1FDE52 /* Pods-TTTests.debug.xcconfig */,
				585856FDB797CE342747D2C9 /* Pods-TTTests.release.xcconfig */,
				A9A3C84BA09C473D0F2B80B1 /* Pods-TTUITests.debug.xcconfig */,
				953E42BB8B2D033269F753D2 /* Pods-TTUITests.release.xcconfig */,
			);
			name = Pods;
			sourceTree = "<group>";
		};
/* End PBXGroup section */

/* Begin PBXNativeTarget section */
		4FECC1A12118436F00F32927 /* TT */ = {
			isa = PBXNativeTarget;
			buildConfigurationList = 4FECC1CE2118437000F32927 /* Build configuration list for PBXNativeTarget "TT" */;
			buildPhases = (
				3A1127CE90AAD494E6BC3554 /* [CP] Check Pods Manifest.lock */,
				4FECC19E2118436F00F32927 /* Sources */,
				4FECC19F2118436F00F32927 /* Frameworks */,
				4FECC1A02118436F00F32927 /* Resources */,
				484E3597A55A598BFBA75C7B /* [CP] Copy Pods Resources */,
			);
			buildRules = (
			);
			dependencies = (
			);
			name = TT;
			productName = TT;
			productReference = 4FECC1A22118436F00F32927 /* TT.app */;
			productType = "com.apple.product-type.application";
		};
		4FECC1B92118437000F32927 /* TTTests */ = {
			isa = PBXNativeTarget;
			buildConfigurationList = 4FECC1D12118437000F32927 /* Build configuration list for PBXNativeTarget "TTTests" */;
			buildPhases = (
				2065F98DBDAAB24366547C49 /* [CP] Check Pods Manifest.lock */,
				4FECC1B62118437000F32927 /* Sources */,
				4FECC1B72118437000F32927 /* Frameworks */,
				4FECC1B82118437000F32927 /* Resources */,
			);
			buildRules = (
			);
			dependencies = (
				4FECC1BC2118437000F32927 /* PBXTargetDependency */,
			);
			name = TTTests;
			productName = TTTests;
			productReference = 4FECC1BA2118437000F32927 /* TTTests.xctest */;
			productType = "com.apple.product-type.bundle.unit-test";
		};
		4FECC1C42118437000F32927 /* TTUITests */ = {
			isa = PBXNativeTarget;
			buildConfigurationList = 4FECC1D42118437000F32927 /* Build configuration list for PBXNativeTarget "TTUITests" */;
			buildPhases = (
				B41675B7F0EB75F7ED3066B6 /* [CP] Check Pods Manifest.lock */,
				4FECC1C12118437000F32927 /* Sources */,
				4FECC1C22118437000F32927 /* Frameworks */,
				4FECC1C32118437000F32927 /* Resources */,
			);
			buildRules = (
			);
			dependencies = (
				4FECC1C72118437000F32927 /* PBXTargetDependency */,
			);
			name = TTUITests;
			productName = TTUITests;
			productReference = 4FECC1C52118437000F32927 /* TTUITests.xctest */;
			productType = "com.apple.product-type.bundle.ui-testing";
		};
/* End PBXNativeTarget section */

/* Begin PBXProject section */
		4FECC19A2118436F00F32927 /* Project object */ = {
			isa = PBXProject;
			attributes = {
				LastUpgradeCheck = 0930;
				ORGANIZATIONNAME = "苏强";
				TargetAttributes = {
					4FECC1A12118436F00F32927 = {
						CreatedOnToolsVersion = 9.3;
					};
					4FECC1B92118437000F32927 = {
						CreatedOnToolsVersion = 9.3;
						TestTargetID = 4FECC1A12118436F00F32927;
					};
					4FECC1C42118437000F32927 = {
						CreatedOnToolsVersion = 9.3;
						TestTargetID = 4FECC1A12118436F00F32927;
					};
				};
			};
			buildConfigurationList = 4FECC19D2118436F00F32927 /* Build configuration list for PBXProject "TT" */;
			compatibilityVersion = "Xcode 9.3";
			developmentRegion = en;
			hasScannedForEncodings = 0;
			knownRegions = (
				en,
				Base,
			);
			mainGroup = 4FECC1992118436F00F32927;
			productRefGroup = 4FECC1A32118436F00F32927 /* Products */;
			projectDirPath = "";
			projectRoot = "";
			targets = (
				4FECC1A12118436F00F32927 /* TT */,
				4FECC1B92118437000F32927 /* TTTests */,
				4FECC1C42118437000F32927 /* TTUITests */,
			);
		};
/* End PBXProject section */

/* Begin PBXResourcesBuildPhase section */
		4FECC1A02118436F00F32927 /* Resources */ = {
			isa = PBXResourcesBuildPhase;
			buildActionMask = 2147483647;
			files = (
				4FECC1B22118437000F32927 /* LaunchScreen.storyboard in Resources */,
				4FECC1AF2118437000F32927 /* Assets.xcassets in Resources */,
			);
			runOnlyForDeploymentPostprocessing = 0;
		};
		4FECC1B82118437000F32927 /* Resources */ = {
			isa = PBXResourcesBuildPhase;
			buildActionMask = 2147483647;
			files = (
			);
			runOnlyForDeploymentPostprocessing = 0;
		};
		4FECC1C32118437000F32927 /* Resources */ = {
			isa = PBXResourcesBuildPhase;
			buildActionMask = 2147483647;
			files = (
			);
			runOnlyForDeploymentPostprocessing = 0;
		};
/* End PBXResourcesBuildPhase section */

/* Begin PBXShellScriptBuildPhase section */
		2065F98DBDAAB24366547C49 /* [CP] Check Pods Manifest.lock */ = {
			isa = PBXShellScriptBuildPhase;
			buildActionMask = 2147483647;
			files = (
			);
			inputPaths = (
				"${PODS_PODFILE_DIR_PATH}/Podfile.lock",
				"${PODS_ROOT}/Manifest.lock",
			);
			name = "[CP] Check Pods Manifest.lock";
			outputPaths = (
				"$(DERIVED_FILE_DIR)/Pods-TTTests-checkManifestLockResult.txt",
			);
			runOnlyForDeploymentPostprocessing = 0;
			shellPath = /bin/sh;
			shellScript = "diff \"${PODS_PODFILE_DIR_PATH}/Podfile.lock\" \"${PODS_ROOT}/Manifest.lock\" > /dev/null\nif [ $? != 0 ] ; then\n    # print error to STDERR\n    echo \"error: The sandbox is not in sync with the Podfile.lock. Run 'pod install' or update your CocoaPods installation.\" >&2\n    exit 1\nfi\n# This output is used by Xcode 'outputs' to avoid re-running this script phase.\necho \"SUCCESS\" > \"${SCRIPT_OUTPUT_FILE_0}\"\n";
			showEnvVarsInLog = 0;
		};
		3A1127CE90AAD494E6BC3554 /* [CP] Check Pods Manifest.lock */ = {
			isa = PBXShellScriptBuildPhase;
			buildActionMask = 2147483647;
			files = (
			);
			inputPaths = (
				"${PODS_PODFILE_DIR_PATH}/Podfile.lock",
				"${PODS_ROOT}/Manifest.lock",
			);
			name = "[CP] Check Pods Manifest.lock";
			outputPaths = (
				"$(DERIVED_FILE_DIR)/Pods-TT-checkManifestLockResult.txt",
			);
			runOnlyForDeploymentPostprocessing = 0;
			shellPath = /bin/sh;
			shellScript = "diff \"${PODS_PODFILE_DIR_PATH}/Podfile.lock\" \"${PODS_ROOT}/Manifest.lock\" > /dev/null\nif [ $? != 0 ] ; then\n    # print error to STDERR\n    echo \"error: The sandbox is not in sync with the Podfile.lock. Run 'pod install' or update your CocoaPods installation.\" >&2\n    exit 1\nfi\n# This output is used by Xcode 'outputs' to avoid re-running this script phase.\necho \"SUCCESS\" > \"${SCRIPT_OUTPUT_FILE_0}\"\n";
			showEnvVarsInLog = 0;
		};
		484E3597A55A598BFBA75C7B /* [CP] Copy Pods Resources */ = {
			isa = PBXShellScriptBuildPhase;
			buildActionMask = 2147483647;
			files = (
			);
			inputPaths = (
				"${SRCROOT}/Pods/Target Support Files/Pods-TT/Pods-TT-resources.sh",
				"${PODS_ROOT}/MJRefresh/MJRefresh/MJRefresh.bundle",
			);
			name = "[CP] Copy Pods Resources";
			outputPaths = (
				"${TARGET_BUILD_DIR}/${UNLOCALIZED_RESOURCES_FOLDER_PATH}/MJRefresh.bundle",
			);
			runOnlyForDeploymentPostprocessing = 0;
			shellPath = /bin/sh;
			shellScript = "\"${SRCROOT}/Pods/Target Support Files/Pods-TT/Pods-TT-resources.sh\"\n";
			showEnvVarsInLog = 0;
		};
		B41675B7F0EB75F7ED3066B6 /* [CP] Check Pods Manifest.lock */ = {
			isa = PBXShellScriptBuildPhase;
			buildActionMask = 2147483647;
			files = (
			);
			inputPaths = (
				"${PODS_PODFILE_DIR_PATH}/Podfile.lock",
				"${PODS_ROOT}/Manifest.lock",
			);
			name = "[CP] Check Pods Manifest.lock";
			outputPaths = (
				"$(DERIVED_FILE_DIR)/Pods-TTUITests-checkManifestLockResult.txt",
			);
			runOnlyForDeploymentPostprocessing = 0;
			shellPath = /bin/sh;
			shellScript = "diff \"${PODS_PODFILE_DIR_PATH}/Podfile.lock\" \"${PODS_ROOT}/Manifest.lock\" > /dev/null\nif [ $? != 0 ] ; then\n    # print error to STDERR\n    echo \"error: The sandbox is not in sync with the Podfile.lock. Run 'pod install' or update your CocoaPods installation.\" >&2\n    exit 1\nfi\n# This output is used by Xcode 'outputs' to avoid re-running this script phase.\necho \"SUCCESS\" > \"${SCRIPT_OUTPUT_FILE_0}\"\n";
			showEnvVarsInLog = 0;
		};
/* End PBXShellScriptBuildPhase section */

/* Begin PBXSourcesBuildPhase section */
		4FECC19E2118436F00F32927 /* Sources */ = {
			isa = PBXSourcesBuildPhase;
			buildActionMask = 2147483647;
			files = (
				4FECC1E32118488B00F32927 /* TTTabBarController.m in Sources */,
				4FECC1B52118437000F32927 /* main.m in Sources */,
				4FECC1E9211850A300F32927 /* TTTabBar.m in Sources */,
				4FECC1F1211867C100F32927 /* TTNavigationBar.m in Sources */,
				4FECC1EE21185BF900F32927 /* TTBaseViewController.m in Sources */,
				4FECC1A72118436F00F32927 /* AppDelegate.m in Sources */,
				4FECC1E6211848ED00F32927 /* TTNavigationController.m in Sources */,
			);
			runOnlyForDeploymentPostprocessing = 0;
		};
		4FECC1B62118437000F32927 /* Sources */ = {
			isa = PBXSourcesBuildPhase;
			buildActionMask = 2147483647;
			files = (
				4FECC1BF2118437000F32927 /* TTTests.m in Sources */,
			);
			runOnlyForDeploymentPostprocessing = 0;
		};
		4FECC1C12118437000F32927 /* Sources */ = {
			isa = PBXSourcesBuildPhase;
			buildActionMask = 2147483647;
			files = (
				4FECC1CA2118437000F32927 /* TTUITests.m in Sources */,
			);
			runOnlyForDeploymentPostprocessing = 0;
		};
/* End PBXSourcesBuildPhase section */

/* Begin PBXTargetDependency section */
		4FECC1BC2118437000F32927 /* PBXTargetDependency */ = {
			isa = PBXTargetDependency;
			target = 4FECC1A12118436F00F32927 /* TT */;
			targetProxy = 4FECC1BB2118437000F32927 /* PBXContainerItemProxy */;
		};
		4FECC1C72118437000F32927 /* PBXTargetDependency */ = {
			isa = PBXTargetDependency;
			target = 4FECC1A12118436F00F32927 /* TT */;
			targetProxy = 4FECC1C62118437000F32927 /* PBXContainerItemProxy */;
		};
/* End PBXTargetDependency section */

/* Begin PBXVariantGroup section */
		4FECC1B02118437000F32927 /* LaunchScreen.storyboard */ = {
			isa = PBXVariantGroup;
			children = (
				4FECC1B12118437000F32927 /* Base */,
			);
			name = LaunchScreen.storyboard;
			sourceTree = "<group>";
		};
/* End PBXVariantGroup section */

/* Begin XCBuildConfiguration section */
		4FECC1CC2118437000F32927 /* Debug */ = {
			isa = XCBuildConfiguration;
			buildSettings = {
				ALWAYS_SEARCH_USER_PATHS = NO;
				CLANG_ANALYZER_NONNULL = YES;
				CLANG_ANALYZER_NUMBER_OBJECT_CONVERSION = YES_AGGRESSIVE;
				CLANG_CXX_LANGUAGE_STANDARD = "gnu++14";
				CLANG_CXX_LIBRARY = "libc++";
				CLANG_ENABLE_MODULES = YES;
				CLANG_ENABLE_OBJC_ARC = YES;
				CLANG_ENABLE_OBJC_WEAK = YES;
				CLANG_WARN_BLOCK_CAPTURE_AUTORELEASING = YES;
				CLANG_WARN_BOOL_CONVERSION = YES;
				CLANG_WARN_COMMA = YES;
				CLANG_WARN_CONSTANT_CONVERSION = YES;
				CLANG_WARN_DEPRECATED_OBJC_IMPLEMENTATIONS = YES;
				CLANG_WARN_DIRECT_OBJC_ISA_USAGE = YES_ERROR;
				CLANG_WARN_DOCUMENTATION_COMMENTS = YES;
				CLANG_WARN_EMPTY_BODY = YES;
				CLANG_WARN_ENUM_CONVERSION = YES;
				CLANG_WARN_INFINITE_RECURSION = YES;
				CLANG_WARN_INT_CONVERSION = YES;
				CLANG_WARN_NON_LITERAL_NULL_CONVERSION = YES;
				CLANG_WARN_OBJC_IMPLICIT_RETAIN_SELF = YES;
				CLANG_WARN_OBJC_LITERAL_CONVERSION = YES;
				CLANG_WARN_OBJC_ROOT_CLASS = YES_ERROR;
				CLANG_WARN_RANGE_LOOP_ANALYSIS = YES;
				CLANG_WARN_STRICT_PROTOTYPES = YES;
				CLANG_WARN_SUSPICIOUS_MOVE = YES;
				CLANG_WARN_UNGUARDED_AVAILABILITY = YES_AGGRESSIVE;
				CLANG_WARN_UNREACHABLE_CODE = YES;
				CLANG_WARN__DUPLICATE_METHOD_MATCH = YES;
				CODE_SIGN_IDENTITY = "iPhone Developer";
				COPY_PHASE_STRIP = NO;
				DEBUG_INFORMATION_FORMAT = dwarf;
				ENABLE_STRICT_OBJC_MSGSEND = YES;
				ENABLE_TESTABILITY = YES;
				GCC_C_LANGUAGE_STANDARD = gnu11;
				GCC_DYNAMIC_NO_PIC = NO;
				GCC_NO_COMMON_BLOCKS = YES;
				GCC_OPTIMIZATION_LEVEL = 0;
				GCC_PREPROCESSOR_DEFINITIONS = (
					"DEBUG=1",
					"$(inherited)",
				);
				GCC_WARN_64_TO_32_BIT_CONVERSION = YES;
				GCC_WARN_ABOUT_RETURN_TYPE = YES_ERROR;
				GCC_WARN_UNDECLARED_SELECTOR = YES;
				GCC_WARN_UNINITIALIZED_AUTOS = YES_AGGRESSIVE;
				GCC_WARN_UNUSED_FUNCTION = YES;
				GCC_WARN_UNUSED_VARIABLE = YES;
				IPHONEOS_DEPLOYMENT_TARGET = 11.3;
				MTL_ENABLE_DEBUG_INFO = YES;
				ONLY_ACTIVE_ARCH = YES;
				SDKROOT = iphoneos;
			};
			name = Debug;
		};
		4FECC1CD2118437000F32927 /* Release */ = {
			isa = XCBuildConfiguration;
			buildSettings = {
				ALWAYS_SEARCH_USER_PATHS = NO;
				CLANG_ANALYZER_NONNULL = YES;
				CLANG_ANALYZER_NUMBER_OBJECT_CONVERSION = YES_AGGRESSIVE;
				CLANG_CXX_LANGUAGE_STANDARD = "gnu++14";
				CLANG_CXX_LIBRARY = "libc++";
				CLANG_ENABLE_MODULES = YES;
				CLANG_ENABLE_OBJC_ARC = YES;
				CLANG_ENABLE_OBJC_WEAK = YES;
				CLANG_WARN_BLOCK_CAPTURE_AUTORELEASING = YES;
				CLANG_WARN_BOOL_CONVERSION = YES;
				CLANG_WARN_COMMA = YES;
				CLANG_WARN_CONSTANT_CONVERSION = YES;
				CLANG_WARN_DEPRECATED_OBJC_IMPLEMENTATIONS = YES;
				CLANG_WARN_DIRECT_OBJC_ISA_USAGE = YES_ERROR;
				CLANG_WARN_DOCUMENTATION_COMMENTS = YES;
				CLANG_WARN_EMPTY_BODY = YES;
				CLANG_WARN_ENUM_CONVERSION = YES;
				CLANG_WARN_INFINITE_RECURSION = YES;
				CLANG_WARN_INT_CONVERSION = YES;
				CLANG_WARN_NON_LITERAL_NULL_CONVERSION = YES;
				CLANG_WARN_OBJC_IMPLICIT_RETAIN_SELF = YES;
				CLANG_WARN_OBJC_LITERAL_CONVERSION = YES;
				CLANG_WARN_OBJC_ROOT_CLASS = YES_ERROR;
				CLANG_WARN_RANGE_LOOP_ANALYSIS = YES;
				CLANG_WARN_STRICT_PROTOTYPES = YES;
				CLANG_WARN_SUSPICIOUS_MOVE = YES;
				CLANG_WARN_UNGUARDED_AVAILABILITY = YES_AGGRESSIVE;
				CLANG_WARN_UNREACHABLE_CODE = YES;
				CLANG_WARN__DUPLICATE_METHOD_MATCH = YES;
				CODE_SIGN_IDENTITY = "iPhone Developer";
				COPY_PHASE_STRIP = NO;
				DEBUG_INFORMATION_FORMAT = "dwarf-with-dsym";
				ENABLE_NS_ASSERTIONS = NO;
				ENABLE_STRICT_OBJC_MSGSEND = YES;
				GCC_C_LANGUAGE_STANDARD = gnu11;
				GCC_NO_COMMON_BLOCKS = YES;
				GCC_WARN_64_TO_32_BIT_CONVERSION = YES;
				GCC_WARN_ABOUT_RETURN_TYPE = YES_ERROR;
				GCC_WARN_UNDECLARED_SELECTOR = YES;
				GCC_WARN_UNINITIALIZED_AUTOS = YES_AGGRESSIVE;
				GCC_WARN_UNUSED_FUNCTION = YES;
				GCC_WARN_UNUSED_VARIABLE = YES;
				IPHONEOS_DEPLOYMENT_TARGET = 11.3;
				MTL_ENABLE_DEBUG_INFO = NO;
				SDKROOT = iphoneos;
				VALIDATE_PRODUCT = YES;
			};
			name = Release;
		};
		4FECC1CF2118437000F32927 /* Debug */ = {
			isa = XCBuildConfiguration;
			baseConfigurationReference = 43484790C225D426D60F6438 /* Pods-TT.debug.xcconfig */;
			buildSettings = {
				ASSETCATALOG_COMPILER_APPICON_NAME = AppIcon;
				ASSETCATALOG_COMPILER_LAUNCHIMAGE_NAME = LaunchImage;
				CODE_SIGN_IDENTITY = "iPhone Developer";
				CODE_SIGN_STYLE = Automatic;
				DEVELOPMENT_TEAM = 32JYK7XX3V;
				INFOPLIST_FILE = TT/Info.plist;
				IPHONEOS_DEPLOYMENT_TARGET = 9.0;
				LD_RUNPATH_SEARCH_PATHS = (
					"$(inherited)",
					"@executable_path/Frameworks",
				);
				PRODUCT_BUNDLE_IDENTIFIER = John.TT;
				PRODUCT_NAME = "$(TARGET_NAME)";
				PROVISIONING_PROFILE_SPECIFIER = "";
				TARGETED_DEVICE_FAMILY = "1,2";
			};
			name = Debug;
		};
		4FECC1D02118437000F32927 /* Release */ = {
			isa = XCBuildConfiguration;
			baseConfigurationReference = 7AF6234D8D3F7047B99DDA27 /* Pods-TT.release.xcconfig */;
			buildSettings = {
				ASSETCATALOG_COMPILER_APPICON_NAME = AppIcon;
				ASSETCATALOG_COMPILER_LAUNCHIMAGE_NAME = LaunchImage;
				CODE_SIGN_IDENTITY = "iPhone Developer";
				CODE_SIGN_STYLE = Automatic;
				DEVELOPMENT_TEAM = 32JYK7XX3V;
				INFOPLIST_FILE = TT/Info.plist;
				IPHONEOS_DEPLOYMENT_TARGET = 9.0;
				LD_RUNPATH_SEARCH_PATHS = (
					"$(inherited)",
					"@executable_path/Frameworks",
				);
				PRODUCT_BUNDLE_IDENTIFIER = John.TT;
				PRODUCT_NAME = "$(TARGET_NAME)";
				PROVISIONING_PROFILE_SPECIFIER = "";
				TARGETED_DEVICE_FAMILY = "1,2";
			};
			name = Release;
		};
		4FECC1D22118437000F32927 /* Debug */ = {
			isa = XCBuildConfiguration;
			baseConfigurationReference = 6719815277EF814CDB1FDE52 /* Pods-TTTests.debug.xcconfig */;
			buildSettings = {
				BUNDLE_LOADER = "$(TEST_HOST)";
				CODE_SIGN_STYLE = Automatic;
				INFOPLIST_FILE = TTTests/Info.plist;
				LD_RUNPATH_SEARCH_PATHS = (
					"$(inherited)",
					"@executable_path/Frameworks",
					"@loader_path/Frameworks",
				);
				PRODUCT_BUNDLE_IDENTIFIER = John.TTTests;
				PRODUCT_NAME = "$(TARGET_NAME)";
				TARGETED_DEVICE_FAMILY = "1,2";
				TEST_HOST = "$(BUILT_PRODUCTS_DIR)/TT.app/TT";
			};
			name = Debug;
		};
		4FECC1D32118437000F32927 /* Release */ = {
			isa = XCBuildConfiguration;
			baseConfigurationReference = 585856FDB797CE342747D2C9 /* Pods-TTTests.release.xcconfig */;
			buildSettings = {
				BUNDLE_LOADER = "$(TEST_HOST)";
				CODE_SIGN_STYLE = Automatic;
				INFOPLIST_FILE = TTTests/Info.plist;
				LD_RUNPATH_SEARCH_PATHS = (
					"$(inherited)",
					"@executable_path/Frameworks",
					"@loader_path/Frameworks",
				);
				PRODUCT_BUNDLE_IDENTIFIER = John.TTTests;
				PRODUCT_NAME = "$(TARGET_NAME)";
				TARGETED_DEVICE_FAMILY = "1,2";
				TEST_HOST = "$(BUILT_PRODUCTS_DIR)/TT.app/TT";
			};
			name = Release;
		};
		4FECC1D52118437000F32927 /* Debug */ = {
			isa = XCBuildConfiguration;
			baseConfigurationReference = A9A3C84BA09C473D0F2B80B1 /* Pods-TTUITests.debug.xcconfig */;
			buildSettings = {
				CODE_SIGN_STYLE = Automatic;
				INFOPLIST_FILE = TTUITests/Info.plist;
				LD_RUNPATH_SEARCH_PATHS = (
					"$(inherited)",
					"@executable_path/Frameworks",
					"@loader_path/Frameworks",
				);
				PRODUCT_BUNDLE_IDENTIFIER = John.TTUITests;
				PRODUCT_NAME = "$(TARGET_NAME)";
				TARGETED_DEVICE_FAMILY = "1,2";
				TEST_TARGET_NAME = TT;
			};
			name = Debug;
		};
		4FECC1D62118437000F32927 /* Release */ = {
			isa = XCBuildConfiguration;
			baseConfigurationReference = 953E42BB8B2D033269F753D2 /* Pods-TTUITests.release.xcconfig */;
			buildSettings = {
				CODE_SIGN_STYLE = Automatic;
				INFOPLIST_FILE = TTUITests/Info.plist;
				LD_RUNPATH_SEARCH_PATHS = (
					"$(inherited)",
					"@executable_path/Frameworks",
					"@loader_path/Frameworks",
				);
				PRODUCT_BUNDLE_IDENTIFIER = John.TTUITests;
				PRODUCT_NAME = "$(TARGET_NAME)";
				TARGETED_DEVICE_FAMILY = "1,2";
				TEST_TARGET_NAME = TT;
			};
			name = Release;
		};
/* End XCBuildConfiguration section */

/* Begin XCConfigurationList section */
		4FECC19D2118436F00F32927 /* Build configuration list for PBXProject "TT" */ = {
			isa = XCConfigurationList;
			buildConfigurations = (
				4FECC1CC2118437000F32927 /* Debug */,
				4FECC1CD2118437000F32927 /* Release */,
			);
			defaultConfigurationIsVisible = 0;
			defaultConfigurationName = Release;
		};
		4FECC1CE2118437000F32927 /* Build configuration list for PBXNativeTarget "TT" */ = {
			isa = XCConfigurationList;
			buildConfigurations = (
				4FECC1CF2118437000F32927 /* Debug */,
				4FECC1D02118437000F32927 /* Release */,
			);
			defaultConfigurationIsVisible = 0;
			defaultConfigurationName = Release;
		};
		4FECC1D12118437000F32927 /* Build configuration list for PBXNativeTarget "TTTests" */ = {
			isa = XCConfigurationList;
			buildConfigurations = (
				4FECC1D22118437000F32927 /* Debug */,
				4FECC1D32118437000F32927 /* Release */,
			);
			defaultConfigurationIsVisible = 0;
			defaultConfigurationName = Release;
		};
		4FECC1D42118437000F32927 /* Build configuration list for PBXNativeTarget "TTUITests" */ = {
			isa = XCConfigurationList;
			buildConfigurations = (
				4FECC1D52118437000F32927 /* Debug */,
				4FECC1D62118437000F32927 /* Release */,
			);
			defaultConfigurationIsVisible = 0;
			defaultConfigurationName = Release;
		};
/* End XCConfigurationList section */
	};
	rootObject = 4FECC19A2118436F00F32927 /* Project object */;
}
